# THIS IS AN AUTOGENERATED FILE. DO NOT EDIT THIS FILE DIRECTLY.
# yarn lockfile v1


"@isaacs/fs-minipass@^4.0.0":
  version "4.0.1"
  resolved "https://registry.yarnpkg.com/@isaacs/fs-minipass/-/fs-minipass-4.0.1.tgz#2d59ae3ab4b38fb4270bfa23d30f8e2e86c7fe32"
  integrity sha512-wgm9Ehl2jpeqP3zw/7mo3kRHFp5MEDhqAdwy1fTGkHAwnkGOVsgpvQhL8B5n1qlb01jV3n/bI0ZfZp5lWA1k4w==
  dependencies:
    minipass "^7.0.4"

"@mapbox/node-pre-gyp@^2.0.0":
  version "2.0.3"
  resolved "https://registry.yarnpkg.com/@mapbox/node-pre-gyp/-/node-pre-gyp-2.0.3.tgz#236aa1f62c101ce4c9db15697cb652ec69dca379"
  integrity sha512-uwPAhccfFJlsfCxMYTwOdVfOz3xqyj8xYL3zJj8f0pb30tLohnnFPhLuqp4/qoEz8sNxe4SESZedcBojRefIzg==
  dependencies:
    consola "^3.2.3"
    detect-libc "^2.0.0"
    https-proxy-agent "^7.0.5"
    node-fetch "^2.6.7"
    nopt "^8.0.0"
    semver "^7.5.3"
    tar "^7.4.0"

"@types/google-protobuf@^3.15.12":
  version "3.15.12"
  resolved "https://registry.yarnpkg.com/@types/google-protobuf/-/google-protobuf-3.15.12.tgz#eb2ba0eddd65712211a2b455dc6071d665ccf49b"
  integrity sha512-40um9QqwHjRS92qnOaDpL7RmDK15NuZYo9HihiJRbYkMQZlWnuH8AdvbMy8/o6lgLmKbDUKa+OALCltHdbOTpQ==

abbrev@^3.0.0:
  version "3.0.1"
  resolved "https://registry.yarnpkg.com/abbrev/-/abbrev-3.0.1.tgz#8ac8b3b5024d31464fe2a5feeea9f4536bf44025"
  integrity sha512-AO2ac6pjRB3SJmGJo+v5/aK6Omggp6fsLrs6wN9bd35ulu4cCwaAU9+7ZhXjeqHVkaHThLuzH0nZr0YpCDhygg==

agent-base@^7.1.2:
  version "7.1.4"
  resolved "https://registry.yarnpkg.com/agent-base/-/agent-base-7.1.4.tgz#e3cd76d4c548ee895d3c3fd8dc1f6c5b9032e7a8"
  integrity sha512-MnA+YT8fwfJPgBx3m60MNqakm30XOkyIoH1y6huTQvC0PwZG7ki8NacLBcrPbNoo8vEZy7Jpuk7+jMO+CUovTQ==

chownr@^3.0.0:
  version "3.0.0"
  resolved "https://registry.yarnpkg.com/chownr/-/chownr-3.0.0.tgz#9855e64ecd240a9cc4267ce8a4aa5d24a1da15e4"
  integrity sha512-+IxzY9BZOQd/XuYPRmrvEVjF/nqj5kgT4kEq7VofrDoM1MxoRjEWkrCC3EtLi59TVawxTAn+orJwFQcrqEN1+g==

consola@^3.2.3:
  version "3.4.2"
  resolved "https://registry.yarnpkg.com/consola/-/consola-3.4.2.tgz#5af110145397bb67afdab77013fdc34cae590ea7"
  integrity sha512-5IKcdX0nnYavi6G7TtOhwkYzyjfJlatbjMjuLSfE2kYT5pMDOilZ4OvMhi637CcDICTmz3wARPoyhqyX1Y+XvA==

debug@4:
  version "4.3.4"
  resolved "https://registry.yarnpkg.com/debug/-/debug-4.3.4.tgz#1319f6579357f2338d3337d2cdd4914bb5dcc865"
  integrity sha512-PRWFHuSU3eDtQJPvnNY7Jcket1j0t5OuOsFzPPzsekD52Zl8qUfFIPEiswXqIvHWGVHOgX+7G/vCNNhehwxfkQ==
  dependencies:
    ms "2.1.2"

detect-libc@^2.0.0:
  version "2.0.2"
  resolved "https://registry.yarnpkg.com/detect-libc/-/detect-libc-2.0.2.tgz#8ccf2ba9315350e1241b88d0ac3b0e1fbd99605d"
  integrity sha512-UX6sGumvvqSaXgdKGUsgZWqcUyIXZ/vZTrlRT/iobiKhGL0zL4d3osHj3uqllWJK+i+sixDS/3COVEOFbupFyw==

google-protobuf@^3.15.5:
  version "3.21.2"
  resolved "https://registry.yarnpkg.com/google-protobuf/-/google-protobuf-3.21.2.tgz#4580a2bea8bbb291ee579d1fefb14d6fa3070ea4"
  integrity sha512-3MSOYFO5U9mPGikIYCzK0SaThypfGgS6bHqrUGXG3DPHCrb+txNqeEcns1W0lkGfk0rCyNXm7xB9rMxnCiZOoA==

google-protobuf@^3.21.4:
  version "3.21.4"
  resolved "https://registry.yarnpkg.com/google-protobuf/-/google-protobuf-3.21.4.tgz#2f933e8b6e5e9f8edde66b7be0024b68f77da6c9"
  integrity sha512-MnG7N936zcKTco4Jd2PX2U96Kf9PxygAPKBug+74LHzmHXmceN16MmRcdgZv+DGef/S9YvQAfRsNCn4cjf9yyQ==

grpc-tools@^1.13.1:
  version "1.13.1"
  resolved "https://registry.yarnpkg.com/grpc-tools/-/grpc-tools-1.13.1.tgz#59d7ad8ca3ee155672c9d04e730668f317a6e7b2"
  integrity sha512-0sttMUxThNIkCTJq5qI0xXMz5zWqV2u3yG1kR3Sj9OokGIoyRBFjoInK9NyW7x5fH7knj48Roh1gq5xbl0VoDQ==
  dependencies:
    "@mapbox/node-pre-gyp" "^2.0.0"

grpc-web@^2.0.2:
  version "2.0.2"
  resolved "https://registry.yarnpkg.com/grpc-web/-/grpc-web-2.0.2.tgz#416164eb747bab5c3054fd58f73b21814f325d83"
  integrity sha512-bvBP0/d5jyVM3eGxxffJhRLAPpH6eXhJeUzBT+bSIEgUKkG4a/BotEimVeW3phP0WLnsJnkRl8uQdRf2yDLaVA==

https-proxy-agent@^7.0.5:
  version "7.0.6"
  resolved "https://registry.yarnpkg.com/https-proxy-agent/-/https-proxy-agent-7.0.6.tgz#da8dfeac7da130b05c2ba4b59c9b6cd66611a6b9"
  integrity sha512-vK9P5/iUfdl95AI+JVyUuIcVtd4ofvtrOr3HNtM2yxC9bnMbEdp3x01OhQNnjb8IJYi38VlTE3mBXwcfvywuSw==
  dependencies:
    agent-base "^7.1.2"
    debug "4"

minipass@^7.0.4, minipass@^7.1.2:
  version "7.1.2"
  resolved "https://registry.yarnpkg.com/minipass/-/minipass-7.1.2.tgz#93a9626ce5e5e66bd4db86849e7515e92340a707"
  integrity sha512-qOOzS1cBTWYF4BH8fVePDBOO9iptMnGUEZwNc/cMWnTV2nVLZ7VoNWEPHkYczZA0pdoA7dl6e7FL659nX9S2aw==

minizlib@^3.1.0:
  version "3.1.0"
  resolved "https://registry.yarnpkg.com/minizlib/-/minizlib-3.1.0.tgz#6ad76c3a8f10227c9b51d1c9ac8e30b27f5a251c"
  integrity sha512-KZxYo1BUkWD2TVFLr0MQoM8vUUigWD3LlD83a/75BqC+4qE0Hb1Vo5v1FgcfaNXvfXzr+5EhQ6ing/CaBijTlw==
  dependencies:
    minipass "^7.1.2"

ms@2.1.2:
  version "2.1.2"
  resolved "https://registry.yarnpkg.com/ms/-/ms-2.1.2.tgz#d09d1f357b443f493382a8eb3ccd183872ae6009"
  integrity sha512-sGkPx+VjMtmA6MX27oA4FBFELFCZZ4S4XqeGOXCv68tT+jb3vk/RyaKWP0PTKyWtmLSM0b+adUTEvbs1PEaH2w==

node-fetch@^2.6.7:
  version "2.6.12"
  resolved "https://registry.yarnpkg.com/node-fetch/-/node-fetch-2.6.12.tgz#02eb8e22074018e3d5a83016649d04df0e348fba"
  integrity sha512-C/fGU2E8ToujUivIO0H+tpQ6HWo4eEmchoPIoXtxCrVghxdKq+QOHqEZW7tuP3KlV3bC8FRMO5nMCC7Zm1VP6g==
  dependencies:
    whatwg-url "^5.0.0"

nopt@^8.0.0:
  version "8.1.0"
  resolved "https://registry.yarnpkg.com/nopt/-/nopt-8.1.0.tgz#b11d38caf0f8643ce885818518064127f602eae3"
  integrity sha512-ieGu42u/Qsa4TFktmaKEwM6MQH0pOWnaB3htzh0JRtx84+Mebc0cbZYN5bC+6WTZ4+77xrL9Pn5m7CV6VIkV7A==
  dependencies:
    abbrev "^3.0.0"

semver@^7.5.3:
  version "7.7.3"
  resolved "https://registry.yarnpkg.com/semver/-/semver-7.7.3.tgz#4b5f4143d007633a8dc671cd0a6ef9147b8bb946"
  integrity sha512-SdsKMrI9TdgjdweUSR9MweHA4EJ8YxHn8DFaDisvhVlUOe4BF1tLD7GAj0lIqWVl+dPb/rExr0Btby5loQm20Q==

tar@^7.4.0:
  version "7.5.9"
  resolved "https://registry.yarnpkg.com/tar/-/tar-7.5.9.tgz#817ac12a54bc4362c51340875b8985d7dc9724b8"
  integrity sha512-BTLcK0xsDh2+PUe9F6c2TlRp4zOOBMTkoQHQIWSIzI0R7KG46uEwq4OPk2W7bZcprBMsuaeFsqwYr7pjh6CuHg==
  dependencies:
    "@isaacs/fs-minipass" "^4.0.0"
    chownr "^3.0.0"
    minipass "^7.1.2"
    minizlib "^3.1.0"
    yallist "^5.0.0"

tr46@~0.0.3:
  version "0.0.3"
  resolved "https://registry.yarnpkg.com/tr46/-/tr46-0.0.3.tgz#8184fd347dac9cdc185992f3a6622e14b9d9ab6a"
  integrity sha512-N3WMsuqV66lT30CrXNbEjx4GEwlow3v6rr4mCcv6prnfwhS01rkgyFdjPNBYd9br7LpXV1+Emh01fHnq2Gdgrw==

ts-protoc-gen@^0.15.0:
  version "0.15.0"
  resolved "https://registry.yarnpkg.com/ts-protoc-gen/-/ts-protoc-gen-0.15.0.tgz#2fec5930b46def7dcc9fa73c060d770b7b076b7b"
  integrity sha512-TycnzEyrdVDlATJ3bWFTtra3SCiEP0W0vySXReAuEygXCUr1j2uaVyL0DhzjwuUdQoW5oXPwk6oZWeA0955V+g==
  dependencies:
    google-protobuf "^3.15.5"

typescript@^5.9.3:
  version "5.9.3"
  resolved "https://registry.yarnpkg.com/typescript/-/typescript-5.9.3.tgz#5b4f59e15310ab17a216f5d6cf53ee476ede670f"
  integrity sha512-jl1vZzPDinLr9eUt3J/t7V6FgNEw9QjvBPdysz9KfQDD41fQrC2Y4vKQdiaUpFT4bXlb1RHhLpp8wtm6M5TgSw==

webidl-conversions@^3.0.0:
  version "3.0.1"
  resolved "https://registry.yarnpkg.com/webidl-conversions/-/webidl-conversions-3.0.1.tgz#24534275e2a7bc6be7bc86611cc16ae0a5654871"
  integrity sha512-2JAn3z8AR6rjK8Sm8orRC0h/bcl/DqL7tRPdGZ4I1CjdF+EaMLmYxBHyXuKL849eucPFhvBoxMsflfOb8kxaeQ==

whatwg-url@^5.0.0:
  version "5.0.0"
  resolved "https://registry.yarnpkg.com/whatwg-url/-/whatwg-url-5.0.0.tgz#966454e8765462e37644d3626f6742ce8b70965d"
  integrity sha512-saE57nupxk6v3HY35+jzBwYa0rKSy0XR8JSxZPwgLr7ys0IBzhGviA1/TUGJLmSVqs8pb9AnvICXEuOHLprYTw==
  dependencies:
    tr46 "~0.0.3"
    webidl-conversions "^3.0.0"

yallist@^5.0.0:
  version "5.0.0"
  resolved "https://registry.yarnpkg.com/yallist/-/yallist-5.0.0.tgz#00e2de443639ed0d78fd87de0d27469fbcffb533"
  integrity sha512-YgvUTfwqyc7UXVMrB+SImsVYSmTS8X/tSrtdNZMImM+n7+QTriRXyXim0mBrTXNeqzVF0KWGgHPeiyViFFrNDw==
